// !$*UTF8*$!
{
	archiveVersion = 1;
	classes = {
	};
	objectVersion = 56;
	objects = {

/* Begin PBXBuildFile section */
		48D1F6622988EE7B0077F9AA /* AppDelegate.swift in Sources */ = {isa = PBXBuildFile; fileRef = 48D1F6612988EE7B0077F9AA /* AppDelegate.swift */; };
		48D1F6642988EE7B0077F9AA /* SceneDelegate.swift in Sources */ = {isa = PBXBuildFile; fileRef = 48D1F6632988EE7B0077F9AA /* SceneDelegate.swift */; };
		48D1F6662988EE7B0077F9AA /* ViewController.swift in Sources */ = {isa = PBXBuildFile; fileRef = 48D1F6652988EE7B0077F9AA /* ViewController.swift */; };
		48D1F6692988EE7B0077F9AA /* Main.storyboard in Resources */ = {isa = PBXBuildFile; fileRef = 48D1F6672988EE7B0077F9AA /* Main.storyboard */; };
		48D1F66B2988EE7C0077F9AA /* Assets.xcassets in Resources */ = {isa = PBXBuildFile; fileRef = 48D1F66A2988EE7C0077F9AA /* Assets.xcassets */; };
		48D1F66E2988EE7C0077F9AA /* LaunchScreen.storyboard in Resources */ = {isa = PBXBuildFile; fileRef = 48D1F66C2988EE7C0077F9AA /* LaunchScreen.storyboard */; };
		48D1F6792988EE7C0077F9AA /* VIPERUIKitDemoTests.swift in Sources */ = {isa = PBXBuildFile; fileRef = 48D1F6782988EE7C0077F9AA /* VIPERUIKitDemoTests.swift */; };
		48D1F6832988EE7C0077F9AA /* VIPERUIKitDemoUITests.swift in Sources */ = {isa = PBXBuildFile; fileRef = 48D1F6822988EE7C0077F9AA /* VIPERUIKitDemoUITests.swift */; };
		48D1F6852988EE7C0077F9AA /* VIPERUIKitDemoUITestsLaunchTests.swift in Sources */ = {isa = PBXBuildFile; fileRef = 48D1F6842988EE7C0077F9AA /* VIPERUIKitDemoUITestsLaunchTests.swift */; };
		48D1F6932988F1D70077F9AA /* View.swift in Sources */ = {isa = PBXBuildFile; fileRef = 48D1F6922988F1D70077F9AA /* View.swift */; };
		48D1F6952988F1F00077F9AA /* Interactor.swift in Sources */ = {isa = PBXBuildFile; fileRef = 48D1F6942988F1F00077F9AA /* Interactor.swift */; };
		48D1F6972988F2050077F9AA /* Presenter.swift in Sources */ = {isa = PBXBuildFile; fileRef = 48D1F6962988F2050077F9AA /* Presenter.swift */; };
		48D1F6992988F2200077F9AA /* Entity.swift in Sources */ = {isa = PBXBuildFile; fileRef = 48D1F6982988F2200077F9AA /* Entity.swift */; };
		48D1F69B2988F2360077F9AA /* Router.swift in Sources */ = {isa = PBXBuildFile; fileRef = 48D1F69A2988F2360077F9AA /* Router.swift */; };
		48D1F69F2988FD500077F9AA /* NetworkManager.swift in Sources */ = {isa = PBXBuildFile; fileRef = 48D1F69E2988FD500077F9AA /* NetworkManager.swift */; };
		48D1F6A12989102F0077F9AA /* DetailsViewController.swift in Sources */ = {isa = PBXBuildFile; fileRef = 48D1F6A02989102F0077F9AA /* DetailsViewController.swift */; };
/* End PBXBuildFile section */

/* Begin PBXContainerItemProxy section */
		48D1F6752988EE7C0077F9AA /* PBXContainerItemProxy */ = {
			isa = PBXContainerItemProxy;
			containerPortal = 48D1F6562988EE7B0077F9AA /* Project object */;
			proxyType = 1;
			remoteGlobalIDString = 48D1F65D2988EE7B0077F9AA;
			remoteInfo = VIPERUIKitDemo;
		};
		48D1F67F2988EE7C0077F9AA /* PBXContainerItemProxy */ = {
			isa = PBXContainerItemProxy;
			containerPortal = 48D1F6562988EE7B0077F9AA /* Project object */;
			proxyType = 1;
			remoteGlobalIDString = 48D1F65D2988EE7B0077F9AA;
			remoteInfo = VIPERUIKitDemo;
		};
/* End PBXContainerItemProxy section */

/* Begin PBXFileReference section */
		48D1F65E2988EE7B0077F9AA /* VIPERUIKitDemo.app */ = {isa = PBXFileReference; explicitFileType = wrapper.application; includeInIndex = 0; path = VIPERUIKitDemo.app; sourceTree = BUILT_PRODUCTS_DIR; };
		48D1F6612988EE7B0077F9AA /* AppDelegate.swift */ = {isa = PBXFileReference; lastKnownFileType = sourcecode.swift; path = AppDelegate.swift; sourceTree = "<group>"; };
		48D1F6632988EE7B0077F9AA /* SceneDelegate.swift */ = {isa = PBXFileReference; lastKnownFileType = sourcecode.swift; path = SceneDelegate.swift; sourceTree = "<group>"; };
		48D1F6652988EE7B0077F9AA /* ViewController.swift */ = {isa = PBXFileReference; lastKnownFileType = sourcecode.swift; path = ViewController.swift; sourceTree = "<group>"; };
		48D1F6682988EE7B0077F9AA /* Base */ = {isa = PBXFileReference; lastKnownFileType = file.storyboard; name = Base; path = Base.lproj/Main.storyboard; sourceTree = "<group>"; };
		48D1F66A2988EE7C0077F9AA /* Assets.xcassets */ = {isa = PBXFileReference; lastKnownFileType = folder.assetcatalog; path = Assets.xcassets; sourceTree = "<group>"; };
		48D1F66D2988EE7C0077F9AA /* Base */ = {isa = PBXFileReference; lastKnownFileType = file.storyboard; name = Base; path = Base.lproj/LaunchScreen.storyboard; sourceTree = "<group>"; };
		48D1F66F2988EE7C0077F9AA /* Info.plist */ = {isa = PBXFileReference; lastKnownFileType = text.plist.xml; path = Info.plist; sourceTree = "<group>"; };
		48D1F6742988EE7C0077F9AA /* VIPERUIKitDemoTests.xctest */ = {isa = PBXFileReference; explicitFileType = wrapper.cfbundle; includeInIndex = 0; path = VIPERUIKitDemoTests.xctest; sourceTree = BUILT_PRODUCTS_DIR; };
		48D1F6782988EE7C0077F9AA /* VIPERUIKitDemoTests.swift */ = {isa = PBXFileReference; lastKnownFileType = sourcecode.swift; path = VIPERUIKitDemoTests.swift; sourceTree = "<group>"; };
		48D1F67E2988EE7C0077F9AA /* VIPERUIKitDemoUITests.xctest */ = {isa = PBXFileReference; explicitFileType = wrapper.cfbundle; includeInIndex = 0; path = VIPERUIKitDemoUITests.xctest; sourceTree = BUILT_PRODUCTS_DIR; };
		48D1F6822988EE7C0077F9AA /* VIPERUIKitDemoUITests.swift */ = {isa = PBXFileReference; lastKnownFileType = sourcecode.swift; path = VIPERUIKitDemoUITests.swift; sourceTree = "<group>"; };
		48D1F6842988EE7C0077F9AA /* VIPERUIKitDemoUITestsLaunchTests.swift */ = {isa = PBXFileReference; lastKnownFileType = sourcecode.swift; path = VIPERUIKitDemoUITestsLaunchTests.swift; sourceTree = "<group>"; };
		48D1F6922988F1D70077F9AA /* View.swift */ = {isa = PBXFileReference; lastKnownFileType = sourcecode.swift; path = View.swift; sourceTree = "<group>"; };
		48D1F6942988F1F00077F9AA /* Interactor.swift */ = {isa = PBXFileReference; lastKnownFileType = sourcecode.swift; path = Interactor.swift; sourceTree = "<group>"; };
		48D1F6962988F2050077F9AA /* Presenter.swift */ = {isa = PBXFileReference; lastKnownFileType = sourcecode.swift; path = Presenter.swift; sourceTree = "<group>"; };
		48D1F6982988F2200077F9AA /* Entity.swift */ = {isa = PBXFileReference; lastKnownFileType = sourcecode.swift; path = Entity.swift; sourceTree = "<group>"; };
		48D1F69A2988F2360077F9AA /* Router.swift */ = {isa = PBXFileReference; lastKnownFileType = sourcecode.swift; path = Router.swift; sourceTree = "<group>"; };
		48D1F69E2988FD500077F9AA /* NetworkManager.swift */ = {isa = PBXFileReference; lastKnownFileType = sourcecode.swift; name = NetworkManager.swift; path = VIPERUIKitDemo/Assets.xcassets/NetworkManager.swift; sourceTree = SOURCE_ROOT; };
		48D1F6A02989102F0077F9AA /* DetailsViewController.swift */ = {isa = PBXFileReference; lastKnownFileType = sourcecode.swift; path = DetailsViewController.swift; sourceTree = "<group>"; };
/* End PBXFileReference section */

/* Begin PBXFrameworksBuildPhase section */
		48D1F65B2988EE7B0077F9AA /* Frameworks */ = {
			isa = PBXFrameworksBuildPhase;
			buildActionMask = 2147483647;
			files = (
			);
			runOnlyForDeploymentPostprocessing = 0;
		};
		48D1F6712988EE7C0077F9AA /* Frameworks */ = {
			isa = PBXFrameworksBuildPhase;
			buildActionMask = 2147483647;
			files = (
			);
			runOnlyForDeploymentPostprocessing = 0;
		};
		48D1F67B2988EE7C0077F9AA /* Frameworks */ = {
			isa = PBXFrameworksBuildPhase;
			buildActionMask = 2147483647;
			files = (
			);
			runOnlyForDeploymentPostprocessing = 0;
		};
/* End PBXFrameworksBuildPhase section */

/* Begin PBXGroup section */
		48D1F6552988EE7B0077F9AA = {
			isa = PBXGroup;
			children = (
				48D1F6602988EE7B0077F9AA /* VIPERUIKitDemo */,
				48D1F6772988EE7C0077F9AA /* VIPERUIKitDemoTests */,
				48D1F6812988EE7C0077F9AA /* VIPERUIKitDemoUITests */,
				48D1F65F2988EE7B0077F9AA /* Products */,
			);
			sourceTree = "<group>";
		};
		48D1F65F2988EE7B0077F9AA /* Products */ = {
			isa = PBXGroup;
			children = (
				48D1F65E2988EE7B0077F9AA /* VIPERUIKitDemo.app */,
				48D1F6742988EE7C0077F9AA /* VIPERUIKitDemoTests.xctest */,
				48D1F67E2988EE7C0077F9AA /* VIPERUIKitDemoUITests.xctest */,
			);
			name = Products;
			sourceTree = "<group>";
		};
		48D1F6602988EE7B0077F9AA /* VIPERUIKitDemo */ = {
			isa = PBXGroup;
			children = (
				48D1F69D2988FD160077F9AA /* API */,
				48D1F6912988F1A30077F9AA /* VIPER */,
				48D1F6632988EE7B0077F9AA /* SceneDelegate.swift */,
				48D1F6612988EE7B0077F9AA /* AppDelegate.swift */,
				48D1F6A02989102F0077F9AA /* DetailsViewController.swift */,
				48D1F6652988EE7B0077F9AA /* ViewController.swift */,
				48D1F6672988EE7B0077F9AA /* Main.storyboard */,
				48D1F66A2988EE7C0077F9AA /* Assets.xcassets */,
				48D1F66C2988EE7C0077F9AA /* LaunchScreen.storyboard */,
				48D1F66F2988EE7C0077F9AA /* Info.plist */,
			);
			path = VIPERUIKitDemo;
			sourceTree = "<group>";
		};
		48D1F6772988EE7C0077F9AA /* VIPERUIKitDemoTests */ = {
			isa = PBXGroup;
			children = (
				48D1F6782988EE7C0077F9AA /* VIPERUIKitDemoTests.swift */,
			);
			path = VIPERUIKitDemoTests;
			sourceTree = "<group>";
		};
		48D1F6812988EE7C0077F9AA /* VIPERUIKitDemoUITests */ = {
			isa = PBXGroup;
			children = (
				48D1F6822988EE7C0077F9AA /* VIPERUIKitDemoUITests.swift */,
				48D1F6842988EE7C0077F9AA /* VIPERUIKitDemoUITestsLaunchTests.swift */,
			);
			path = VIPERUIKitDemoUITests;
			sourceTree = "<group>";
		};
		48D1F6912988F1A30077F9AA /* VIPER */ = {
			isa = PBXGroup;
			children = (
				48D1F6922988F1D70077F9AA /* View.swift */,
				48D1F6942988F1F00077F9AA /* Interactor.swift */,
				48D1F6962988F2050077F9AA /* Presenter.swift */,
				48D1F6982988F2200077F9AA /* Entity.swift */,
				48D1F69A2988F2360077F9AA /* Router.swift */,
			);
			path = VIPER;
			sourceTree = "<group>";
		};
		48D1F69D2988FD160077F9AA /* API */ = {
			isa = PBXGroup;
			children = (
				48D1F69E2988FD500077F9AA /* NetworkManager.swift */,
			);
			path = API;
			sourceTree = "<group>";
		};
/* End PBXGroup section */

/* Begin PBXNativeTarget section */
		48D1F65D2988EE7B0077F9AA /* VIPERUIKitDemo */ = {
			isa = PBXNativeTarget;
			buildConfigurationList = 48D1F6882988EE7C0077F9AA /* Build configuration list for PBXNativeTarget "VIPERUIKitDemo" */;
			buildPhases = (
				48D1F65A2988EE7B0077F9AA /* Sources */,
				48D1F65B2988EE7B0077F9AA /* Frameworks */,
				48D1F65C2988EE7B0077F9AA /* Resources */,
			);
			buildRules = (
			);
			dependencies = (
			);
			name = VIPERUIKitDemo;
			productName = VIPERUIKitDemo;
			productReference = 48D1F65E2988EE7B0077F9AA /* VIPERUIKitDemo.app */;
			productType = "com.apple.product-type.application";
		};
		48D1F6732988EE7C0077F9AA /* VIPERUIKitDemoTests */ = {
			isa = PBXNativeTarget;
			buildConfigurationList = 48D1F68B2988EE7C0077F9AA /* Build configuration list for PBXNativeTarget "VIPERUIKitDemoTests" */;
			buildPhases = (
				48D1F6702988EE7C0077F9AA /* Sources */,
				48D1F6712988EE7C0077F9AA /* Frameworks */,
				48D1F6722988EE7C0077F9AA /* Resources */,
			);
			buildRules = (
			);
			dependencies = (
				48D1F6762988EE7C0077F9AA /* PBXTargetDependency */,
			);
			name = VIPERUIKitDemoTests;
			productName = VIPERUIKitDemoTests;
			productReference = 48D1F6742988EE7C0077F9AA /* VIPERUIKitDemoTests.xctest */;
			productType = "com.apple.product-type.bundle.unit-test";
		};
		48D1F67D2988EE7C0077F9AA /* VIPERUIKitDemoUITests */ = {
			isa = PBXNativeTarget;
			buildConfigurationList = 48D1F68E2988EE7C0077F9AA /* Build configuration list for PBXNativeTarget "VIPERUIKitDemoUITests" */;
			buildPhases = (
				48D1F67A2988EE7C0077F9AA /* Sources */,
				48D1F67B2988EE7C0077F9AA /* Frameworks */,
				48D1F67C2988EE7C0077F9AA /* Resources */,
			);
			buildRules = (
			);
			dependencies = (
				48D1F6802988EE7C0077F9AA /* PBXTargetDependency */,
			);
			name = VIPERUIKitDemoUITests;
			productName = VIPERUIKitDemoUITests;
			productReference = 48D1F67E2988EE7C0077F9AA /* VIPERUIKitDemoUITests.xctest */;
			productType = "com.apple.product-type.bundle.ui-testing";
		};
/* End PBXNativeTarget section */

/* Begin PBXProject section */
		48D1F6562988EE7B0077F9AA /* Project object */ = {
			isa = PBXProject;
			attributes = {
				BuildIndependentTargetsInParallel = 1;
				LastSwiftUpdateCheck = 1400;
				LastUpgradeCheck = 1400;
				TargetAttributes = {
					48D1F65D2988EE7B0077F9AA = {
						CreatedOnToolsVersion = 14.0.1;
					};
					48D1F6732988EE7C0077F9AA = {
						CreatedOnToolsVersion = 14.0.1;
						TestTargetID = 48D1F65D2988EE7B0077F9AA;
					};
					48D1F67D2988EE7C0077F9AA = {
						CreatedOnToolsVersion = 14.0.1;
						TestTargetID = 48D1F65D2988EE7B0077F9AA;
					};
				};
			};
			buildConfigurationList = 48D1F6592988EE7B0077F9AA /* Build configuration list for PBXProject "VIPERUIKitDemo" */;
			compatibilityVersion = "Xcode 14.0";
			developmentRegion = en;
			hasScannedForEncodings = 0;
			knownRegions = (
				en,
				Base,
			);
			mainGroup = 48D1F6552988EE7B0077F9AA;
			productRefGroup = 48D1F65F2988EE7B0077F9AA /* Products */;
			projectDirPath = "";
			projectRoot = "";
			targets = (
				48D1F65D2988EE7B0077F9AA /* VIPERUIKitDemo */,
				48D1F6732988EE7C0077F9AA /* VIPERUIKitDemoTests */,
				48D1F67D2988EE7C0077F9AA /* VIPERUIKitDemoUITests */,
			);
		};
/* End PBXProject section */

/* Begin PBXResourcesBuildPhase section */
		48D1F65C2988EE7B0077F9AA /* Resources */ = {
			isa = PBXResourcesBuildPhase;
			buildActionMask = 2147483647;
			files = (
				48D1F66E2988EE7C0077F9AA /* LaunchScreen.storyboard in Resources */,
				48D1F66B2988EE7C0077F9AA /* Assets.xcassets in Resources */,
				48D1F6692988EE7B0077F9AA /* Main.storyboard in Resources */,
			);
			runOnlyForDeploymentPostprocessing = 0;
		};
		48D1F6722988EE7C0077F9AA /* Resources */ = {
			isa = PBXResourcesBuildPhase;
			buildActionMask = 2147483647;
			files = (
			);
			runOnlyForDeploymentPostprocessing = 0;
		};
		48D1F67C2988EE7C0077F9AA /* Resources */ = {
			isa = PBXResourcesBuildPhase;
			buildActionMask = 2147483647;
			files = (
			);
			runOnlyForDeploymentPostprocessing = 0;
		};
/* End PBXResourcesBuildPhase section */

/* Begin PBXSourcesBuildPhase section */
		48D1F65A2988EE7B0077F9AA /* Sources */ = {
			isa = PBXSourcesBuildPhase;
			buildActionMask = 2147483647;
			files = (
				48D1F69F2988FD500077F9AA /* NetworkManager.swift in Sources */,
				48D1F69B2988F2360077F9AA /* Router.swift in Sources */,
				48D1F6972988F2050077F9AA /* Presenter.swift in Sources */,
				48D1F6932988F1D70077F9AA /* View.swift in Sources */,
				48D1F6992988F2200077F9AA /* Entity.swift in Sources */,
				48D1F6662988EE7B0077F9AA /* ViewController.swift in Sources */,
				48D1F6952988F1F00077F9AA /* Interactor.swift in Sources */,
				48D1F6622988EE7B0077F9AA /* AppDelegate.swift in Sources */,
				48D1F6642988EE7B0077F9AA /* SceneDelegate.swift in Sources */,
				48D1F6A12989102F0077F9AA /* DetailsViewController.swift in Sources */,
			);
			runOnlyForDeploymentPostprocessing = 0;
		};
		48D1F6702988EE7C0077F9AA /* Sources */ = {
			isa = PBXSourcesBuildPhase;
			buildActionMask = 2147483647;
			files = (
				48D1F6792988EE7C0077F9AA /* VIPERUIKitDemoTests.swift in Sources */,
			);
			runOnlyForDeploymentPostprocessing = 0;
		};
		48D1F67A2988EE7C0077F9AA /* Sources */ = {
			isa = PBXSourcesBuildPhase;
			buildActionMask = 2147483647;
			files = (
				48D1F6832988EE7C0077F9AA /* VIPERUIKitDemoUITests.swift in Sources */,
				48D1F6852988EE7C0077F9AA /* VIPERUIKitDemoUITestsLaunchTests.swift in Sources */,
			);
			runOnlyForDeploymentPostprocessing = 0;
		};
/* End PBXSourcesBuildPhase section */

/* Begin PBXTargetDependency section */
		48D1F6762988EE7C0077F9AA /* PBXTargetDependency */ = {
			isa = PBXTargetDependency;
			target = 48D1F65D2988EE7B0077F9AA /* VIPERUIKitDemo */;
			targetProxy = 48D1F6752988EE7C0077F9AA /* PBXContainerItemProxy */;
		};
		48D1F6802988EE7C0077F9AA /* PBXTargetDependency */ = {
			isa = PBXTargetDependency;
			target = 48D1F65D2988EE7B0077F9AA /* VIPERUIKitDemo */;
			targetProxy = 48D1F67F2988EE7C0077F9AA /* PBXContainerItemProxy */;
		};
/* End PBXTargetDependency section */

/* Begin PBXVariantGroup section */
		48D1F6672988EE7B0077F9AA /* Main.storyboard */ = {
			isa = PBXVariantGroup;
			children = (
				48D1F6682988EE7B0077F9AA /* Base */,
			);
			name = Main.storyboard;
			sourceTree = "<group>";
		};
		48D1F66C2988EE7C0077F9AA /* LaunchScreen.storyboard */ = {
			isa = PBXVariantGroup;
			children = (
				48D1F66D2988EE7C0077F9AA /* Base */,
			);
			name = LaunchScreen.storyboard;
			sourceTree = "<group>";
		};
/* End PBXVariantGroup section */

/* Begin XCBuildConfiguration section */
		48D1F6862988EE7C0077F9AA /* Debug */ = {
			isa = XCBuildConfiguration;
			buildSettings = {
				ALWAYS_SEARCH_USER_PATHS = NO;
				CLANG_ANALYZER_NONNULL = YES;
				CLANG_ANALYZER_NUMBER_OBJECT_CONVERSION = YES_AGGRESSIVE;
				CLANG_CXX_LANGUAGE_STANDARD = "gnu++20";
				CLANG_ENABLE_MODULES = YES;
				CLANG_ENABLE_OBJC_ARC = YES;
				CLANG_ENABLE_OBJC_WEAK = YES;
				CLANG_WARN_BLOCK_CAPTURE_AUTORELEASING = YES;
				CLANG_WARN_BOOL_CONVERSION = YES;
				CLANG_WARN_COMMA = YES;
				CLANG_WARN_CONSTANT_CONVERSION = YES;
				CLANG_WARN_DEPRECATED_OBJC_IMPLEMENTATIONS = YES;
				CLANG_WARN_DIRECT_OBJC_ISA_USAGE = YES_ERROR;
				CLANG_WARN_DOCUMENTATION_COMMENTS = YES;
				CLANG_WARN_EMPTY_BODY = YES;
				CLANG_WARN_ENUM_CONVERSION = YES;
				CLANG_WARN_INFINITE_RECURSION = YES;
				CLANG_WARN_INT_CONVERSION = YES;
				CLANG_WARN_NON_LITERAL_NULL_CONVERSION = YES;
				CLANG_WARN_OBJC_IMPLICIT_RETAIN_SELF = YES;
				CLANG_WARN_OBJC_LITERAL_CONVERSION = YES;
				CLANG_WARN_OBJC_ROOT_CLASS = YES_ERROR;
				CLANG_WARN_QUOTED_INCLUDE_IN_FRAMEWORK_HEADER = YES;
				CLANG_WARN_RANGE_LOOP_ANALYSIS = YES;
				CLANG_WARN_STRICT_PROTOTYPES = YES;
				CLANG_WARN_SUSPICIOUS_MOVE = YES;
				CLANG_WARN_UNGUARDED_AVAILABILITY = YES_AGGRESSIVE;
				CLANG_WARN_UNREACHABLE_CODE = YES;
				CLANG_WARN__DUPLICATE_METHOD_MATCH = YES;
				COPY_PHASE_STRIP = NO;
				DEBUG_INFORMATION_FORMAT = dwarf;
				ENABLE_STRICT_OBJC_MSGSEND = YES;
				ENABLE_TESTABILITY = YES;
				GCC_C_LANGUAGE_STANDARD = gnu11;
				GCC_DYNAMIC_NO_PIC = NO;
				GCC_NO_COMMON_BLOCKS = YES;
				GCC_OPTIMIZATION_LEVEL = 0;
				GCC_PREPROCESSOR_DEFINITIONS = (
					"DEBUG=1",
					"$(inherited)",
				);
				GCC_WARN_64_TO_32_BIT_CONVERSION = YES;
				GCC_WARN_ABOUT_RETURN_TYPE = YES_ERROR;
				GCC_WARN_UNDECLARED_SELECTOR = YES;
				GCC_WARN_UNINITIALIZED_AUTOS = YES_AGGRESSIVE;
				GCC_WARN_UNUSED_FUNCTION = YES;
				GCC_WARN_UNUSED_VARIABLE = YES;
				IPHONEOS_DEPLOYMENT_TARGET = 16.0;
				MTL_ENABLE_DEBUG_INFO = INCLUDE_SOURCE;
				MTL_FAST_MATH = YES;
				ONLY_ACTIVE_ARCH = YES;
				SDKROOT = iphoneos;
				SWIFT_ACTIVE_COMPILATION_CONDITIONS = DEBUG;
				SWIFT_OPTIMIZATION_LEVEL = "-Onone";
			};
			name = Debug;
		};
		48D1F6872988EE7C0077F9AA /* Release */ = {
			isa = XCBuildConfiguration;
			buildSettings = {
				ALWAYS_SEARCH_USER_PATHS = NO;
				CLANG_ANALYZER_NONNULL = YES;
				CLANG_ANALYZER_NUMBER_OBJECT_CONVERSION = YES_AGGRESSIVE;
				CLANG_CXX_LANGUAGE_STANDARD = "gnu++20";
				CLANG_ENABLE_MODULES = YES;
				CLANG_ENABLE_OBJC_ARC = YES;
				CLANG_ENABLE_OBJC_WEAK = YES;
				CLANG_WARN_BLOCK_CAPTURE_AUTORELEASING = YES;
				CLANG_WARN_BOOL_CONVERSION = YES;
				CLANG_WARN_COMMA = YES;
				CLANG_WARN_CONSTANT_CONVERSION = YES;
				CLANG_WARN_DEPRECATED_OBJC_IMPLEMENTATIONS = YES;
				CLANG_WARN_DIRECT_OBJC_ISA_USAGE = YES_ERROR;
				CLANG_WARN_DOCUMENTATION_COMMENTS = YES;
				CLANG_WARN_EMPTY_BODY = YES;
				CLANG_WARN_ENUM_CONVERSION = YES;
				CLANG_WARN_INFINITE_RECURSION = YES;
				CLANG_WARN_INT_CONVERSION = YES;
				CLANG_WARN_NON_LITERAL_NULL_CONVERSION = YES;
				CLANG_WARN_OBJC_IMPLICIT_RETAIN_SELF = YES;
				CLANG_WARN_OBJC_LITERAL_CONVERSION = YES;
				CLANG_WARN_OBJC_ROOT_CLASS = YES_ERROR;
				CLANG_WARN_QUOTED_INCLUDE_IN_FRAMEWORK_HEADER = YES;
				CLANG_WARN_RANGE_LOOP_ANALYSIS = YES;
				CLANG_WARN_STRICT_PROTOTYPES = YES;
				CLANG_WARN_SUSPICIOUS_MOVE = YES;
				CLANG_WARN_UNGUARDED_AVAILABILITY = YES_AGGRESSIVE;
				CLANG_WARN_UNREACHABLE_CODE = YES;
				CLANG_WARN__DUPLICATE_METHOD_MATCH = YES;
				COPY_PHASE_STRIP = NO;
				DEBUG_INFORMATION_FORMAT = "dwarf-with-dsym";
				ENABLE_NS_ASSERTIONS = NO;
				ENABLE_STRICT_OBJC_MSGSEND = YES;
				GCC_C_LANGUAGE_STANDARD = gnu11;
				GCC_NO_COMMON_BLOCKS = YES;
				GCC_WARN_64_TO_32_BIT_CONVERSION = YES;
				GCC_WARN_ABOUT_RETURN_TYPE = YES_ERROR;
				GCC_WARN_UNDECLARED_SELECTOR = YES;
				GCC_WARN_UNINITIALIZED_AUTOS = YES_AGGRESSIVE;
				GCC_WARN_UNUSED_FUNCTION = YES;
				GCC_WARN_UNUSED_VARIABLE = YES;
				IPHONEOS_DEPLOYMENT_TARGET = 16.0;
				MTL_ENABLE_DEBUG_INFO = NO;
				MTL_FAST_MATH = YES;
				SDKROOT = iphoneos;
				SWIFT_COMPILATION_MODE = wholemodule;
				SWIFT_OPTIMIZATION_LEVEL = "-O";
				VALIDATE_PRODUCT = YES;
			};
			name = Release;
		};
		48D1F6892988EE7C0077F9AA /* Debug */ = {
			isa = XCBuildConfiguration;
			buildSettings = {
				ASSETCATALOG_COMPILER_APPICON_NAME = AppIcon;
				ASSETCATALOG_COMPILER_GLOBAL_ACCENT_COLOR_NAME = AccentColor;
				CODE_SIGN_STYLE = Automatic;
				CURRENT_PROJECT_VERSION = 1;
				GENERATE_INFOPLIST_FILE = YES;
				INFOPLIST_FILE = VIPERUIKitDemo/Info.plist;
				INFOPLIST_KEY_UIApplicationSupportsIndirectInputEvents = YES;
				INFOPLIST_KEY_UILaunchStoryboardName = LaunchScreen;
				INFOPLIST_KEY_UIMainStoryboardFile = Main;
				INFOPLIST_KEY_UISupportedInterfaceOrientations_iPad = "UIInterfaceOrientationPortrait UIInterfaceOrientationPortraitUpsideDown UIInterfaceOrientationLandscapeLeft UIInterfaceOrientationLandscapeRight";
				INFOPLIST_KEY_UISupportedInterfaceOrientations_iPhone = "UIInterfaceOrientationPortrait UIInterfaceOrientationLandscapeLeft UIInterfaceOrientationLandscapeRight";
				LD_RUNPATH_SEARCH_PATHS = (
					"$(inherited)",
					"@executable_path/Frameworks",
				);
				MARKETING_VERSION = 1.0;
				PRODUCT_BUNDLE_IDENTIFIER = com..VIPERUIKitDemo;
				PRODUCT_NAME = "$(TARGET_NAME)";
				SWIFT_EMIT_LOC_STRINGS = YES;
				SWIFT_VERSION = 5.0;
				TARGETED_DEVICE_FAMILY = "1,2";
			};
			name = Debug;
		};
		48D1F68A2988EE7C0077F9AA /* Release */ = {
			isa = XCBuildConfiguration;
			buildSettings = {
				ASSETCATALOG_COMPILER_APPICON_NAME = AppIcon;
				ASSETCATALOG_COMPILER_GLOBAL_ACCENT_COLOR_NAME = AccentColor;
				CODE_SIGN_STYLE = Automatic;
				CURRENT_PROJECT_VERSION = 1;
				GENERATE_INFOPLIST_FILE = YES;
				INFOPLIST_FILE = VIPERUIKitDemo/Info.plist;
				INFOPLIST_KEY_UIApplicationSupportsIndirectInputEvents = YES;
				INFOPLIST_KEY_UILaunchStoryboardName = LaunchScreen;
				INFOPLIST_KEY_UIMainStoryboardFile = Main;
				INFOPLIST_KEY_UISupportedInterfaceOrientations_iPad = "UIInterfaceOrientationPortrait UIInterfaceOrientationPortraitUpsideDown UIInterfaceOrientationLandscapeLeft UIInterfaceOrientationLandscapeRight";
				INFOPLIST_KEY_UISupportedInterfaceOrientations_iPhone = "UIInterfaceOrientationPortrait UIInterfaceOrientationLandscapeLeft UIInterfaceOrientationLandscapeRight";
				LD_RUNPATH_SEARCH_PATHS = (
					"$(inherited)",
					"@executable_path/Frameworks",
				);
				MARKETING_VERSION = 1.0;
				PRODUCT_BUNDLE_IDENTIFIER = com..VIPERUIKitDemo;
				PRODUCT_NAME = "$(TARGET_NAME)";
				SWIFT_EMIT_LOC_STRINGS = YES;
				SWIFT_VERSION = 5.0;
				TARGETED_DEVICE_FAMILY = "1,2";
			};
			name = Release;
		};
		48D1F68C2988EE7C0077F9AA /* Debug */ = {
			isa = XCBuildConfiguration;
			buildSettings = {
				ALWAYS_EMBED_SWIFT_STANDARD_LIBRARIES = YES;
				BUNDLE_LOADER = "$(TEST_HOST)";
				CODE_SIGN_STYLE = Automatic;
				CURRENT_PROJECT_VERSION = 1;
				GENERATE_INFOPLIST_FILE = YES;
				IPHONEOS_DEPLOYMENT_TARGET = 16.0;
				MARKETING_VERSION = 1.0;
				PRODUCT_BUNDLE_IDENTIFIER = com..VIPERUIKitDemoTests;
				PRODUCT_NAME = "$(TARGET_NAME)";
				SWIFT_EMIT_LOC_STRINGS = NO;
				SWIFT_VERSION = 5.0;
				TARGETED_DEVICE_FAMILY = "1,2";
				TEST_HOST = "$(BUILT_PRODUCTS_DIR)/VIPERUIKitDemo.app/$(BUNDLE_EXECUTABLE_FOLDER_PATH)/VIPERUIKitDemo";
			};
			name = Debug;
		};
		48D1F68D2988EE7C0077F9AA /* Release */ = {
			isa = XCBuildConfiguration;
			buildSettings = {
				ALWAYS_EMBED_SWIFT_STANDARD_LIBRARIES = YES;
				BUNDLE_LOADER = "$(TEST_HOST)";
				CODE_SIGN_STYLE = Automatic;
				CURRENT_PROJECT_VERSION = 1;
				GENERATE_INFOPLIST_FILE = YES;
				IPHONEOS_DEPLOYMENT_TARGET = 16.0;
				MARKETING_VERSION = 1.0;
				PRODUCT_BUNDLE_IDENTIFIER = com..VIPERUIKitDemoTests;
				PRODUCT_NAME = "$(TARGET_NAME)";
				SWIFT_EMIT_LOC_STRINGS = NO;
				SWIFT_VERSION = 5.0;
				TARGETED_DEVICE_FAMILY = "1,2";
				TEST_HOST = "$(BUILT_PRODUCTS_DIR)/VIPERUIKitDemo.app/$(BUNDLE_EXECUTABLE_FOLDER_PATH)/VIPERUIKitDemo";
			};
			name = Release;
		};
		48D1F68F2988EE7C0077F9AA /* Debug */ = {
			isa = XCBuildConfiguration;
			buildSettings = {
				ALWAYS_EMBED_SWIFT_STANDARD_LIBRARIES = YES;
				CODE_SIGN_STYLE = Automatic;
				CURRENT_PROJECT_VERSION = 1;
				GENERATE_INFOPLIST_FILE = YES;
				MARKETING_VERSION = 1.0;
				PRODUCT_BUNDLE_IDENTIFIER = com..VIPERUIKitDemoUITests;
				PRODUCT_NAME = "$(TARGET_NAME)";
				SWIFT_EMIT_LOC_STRINGS = NO;
				SWIFT_VERSION = 5.0;
				TARGETED_DEVICE_FAMILY = "1,2";
				TEST_TARGET_NAME = VIPERUIKitDemo;
			};
			name = Debug;
		};
		48D1F6902988EE7C0077F9AA /* Release */ = {
			isa = XCBuildConfiguration;
			buildSettings = {
				ALWAYS_EMBED_SWIFT_STANDARD_LIBRARIES = YES;
				CODE_SIGN_STYLE = Automatic;
				CURRENT_PROJECT_VERSION = 1;
				GENERATE_INFOPLIST_FILE = YES;
				MARKETING_VERSION = 1.0;
				PRODUCT_BUNDLE_IDENTIFIER = com..VIPERUIKitDemoUITests;
				PRODUCT_NAME = "$(TARGET_NAME)";
				SWIFT_EMIT_LOC_STRINGS = NO;
				SWIFT_VERSION = 5.0;
				TARGETED_DEVICE_FAMILY = "1,2";
				TEST_TARGET_NAME = VIPERUIKitDemo;
			};
			name = Release;
		};
/* End XCBuildConfiguration section */

/* Begin XCConfigurationList section */
		48D1F6592988EE7B0077F9AA /* Build configuration list for PBXProject "VIPERUIKitDemo" */ = {
			isa = XCConfigurationList;
			buildConfigurations = (
				48D1F6862988EE7C0077F9AA /* Debug */,
				48D1F6872988EE7C0077F9AA /* Release */,
			);
			defaultConfigurationIsVisible = 0;
			defaultConfigurationName = Release;
		};
		48D1F6882988EE7C0077F9AA /* Build configuration list for PBXNativeTarget "VIPERUIKitDemo" */ = {
			isa = XCConfigurationList;
			buildConfigurations = (
				48D1F6892988EE7C0077F9AA /* Debug */,
				48D1F68A2988EE7C0077F9AA /* Release */,
			);
			defaultConfigurationIsVisible = 0;
			defaultConfigurationName = Release;
		};
		48D1F68B2988EE7C0077F9AA /* Build configuration list for PBXNativeTarget "VIPERUIKitDemoTests" */ = {
			isa = XCConfigurationList;
			buildConfigurations = (
				48D1F68C2988EE7C0077F9AA /* Debug */,
				48D1F68D2988EE7C0077F9AA /* Release */,
			);
			defaultConfigurationIsVisible = 0;
			defaultConfigurationName = Release;
		};
		48D1F68E2988EE7C0077F9AA /* Build configuration list for PBXNativeTarget "VIPERUIKitDemoUITests" */ = {
			isa = XCConfigurationList;
			buildConfigurations = (
				48D1F68F2988EE7C0077F9AA /* Debug */,
				48D1F6902988EE7C0077F9AA /* Release */,
			);
			defaultConfigurationIsVisible = 0;
			defaultConfigurationName = Release;
		};
/* End XCConfigurationList section */
	};
	rootObject = 48D1F6562988EE7B0077F9AA /* Project object */;
}
